// !$*UTF8*$!
{
	archiveVersion = 1;
	classes = {
	};
	objectVersion = 51;
	objects = {

/* Begin PBXBuildFile section */
		18904356238A21DD0011F006 /* CameraViewController.swift in Sources */ = {isa = PBXBuildFile; fileRef = 18904355238A21DD0011F006 /* CameraViewController.swift */; };
		18904358238A2AF50011F006 /* PostCell.swift in Sources */ = {isa = PBXBuildFile; fileRef = 18904357238A2AF50011F006 /* PostCell.swift */; };
		1890435A238B564F0011F006 /* CommentCell.swift in Sources */ = {isa = PBXBuildFile; fileRef = 18904359238B564F0011F006 /* CommentCell.swift */; };
		18AE80DC237CA72900E3B20E /* AppDelegate.swift in Sources */ = {isa = PBXBuildFile; fileRef = 18AE80DB237CA72900E3B20E /* AppDelegate.swift */; };
		18AE80DE237CA72900E3B20E /* SceneDelegate.swift in Sources */ = {isa = PBXBuildFile; fileRef = 18AE80DD237CA72900E3B20E /* SceneDelegate.swift */; };
		18AE80E3237CA72A00E3B20E /* Main.storyboard in Resources */ = {isa = PBXBuildFile; fileRef = 18AE80E1237CA72900E3B20E /* Main.storyboard */; };
		18AE80E5237CA73100E3B20E /* Assets.xcassets in Resources */ = {isa = PBXBuildFile; fileRef = 18AE80E4237CA73100E3B20E /* Assets.xcassets */; };
		18AE80E8237CA73100E3B20E /* LaunchScreen.storyboard in Resources */ = {isa = PBXBuildFile; fileRef = 18AE80E6237CA73100E3B20E /* LaunchScreen.storyboard */; };
		18AE80F3237CA73100E3B20E /* ParsestagramTests.swift in Sources */ = {isa = PBXBuildFile; fileRef = 18AE80F2237CA73100E3B20E /* ParsestagramTests.swift */; };
		18AE80FE237CA73100E3B20E /* ParsestagramUITests.swift in Sources */ = {isa = PBXBuildFile; fileRef = 18AE80FD237CA73100E3B20E /* ParsestagramUITests.swift */; };
		18AE810C237D048A00E3B20E /* LoginViewController.swift in Sources */ = {isa = PBXBuildFile; fileRef = 18AE810B237D048A00E3B20E /* LoginViewController.swift */; };
		18AE810E237D049400E3B20E /* FeedViewController.swift in Sources */ = {isa = PBXBuildFile; fileRef = 18AE810D237D049400E3B20E /* FeedViewController.swift */; };
		41DA7EB72172FAA0A2EFAF4A /* Pods_Parsestagram_ParsestagramUITests.framework in Frameworks */ = {isa = PBXBuildFile; fileRef = 5145A521961321E2D7B9F46D /* Pods_Parsestagram_ParsestagramUITests.framework */; };
		9184A9062DA1BE712B023CD3 /* Pods_ParsestagramTests.framework in Frameworks */ = {isa = PBXBuildFile; fileRef = 74084DD03D4F617A90A60881 /* Pods_ParsestagramTests.framework */; };
		BB6D1B3F6BD430D630D33663 /* Pods_Parsestagram.framework in Frameworks */ = {isa = PBXBuildFile; fileRef = D20050D4A32B59A999247AD0 /* Pods_Parsestagram.framework */; };
/* End PBXBuildFile section */

/* Begin PBXContainerItemProxy section */
		18AE80EF237CA73100E3B20E /* PBXContainerItemProxy */ = {
			isa = PBXContainerItemProxy;
			containerPortal = 18AE80D0237CA72900E3B20E /* Project object */;
			proxyType = 1;
			remoteGlobalIDString = 18AE80D7237CA72900E3B20E;
			remoteInfo = Parsestagram;
		};
		18AE80FA237CA73100E3B20E /* PBXContainerItemProxy */ = {
			isa = PBXContainerItemProxy;
			containerPortal = 18AE80D0237CA72900E3B20E /* Project object */;
			proxyType = 1;
			remoteGlobalIDString = 18AE80D7237CA72900E3B20E;
			remoteInfo = Parsestagram;
		};
/* End PBXContainerItemProxy section */

/* Begin PBXFileReference section */
		18904355238A21DD0011F006 /* CameraViewController.swift */ = {isa = PBXFileReference; lastKnownFileType = sourcecode.swift; path = CameraViewController.swift; sourceTree = "<group>"; };
		18904357238A2AF50011F006 /* PostCell.swift */ = {isa = PBXFileReference; lastKnownFileType = sourcecode.swift; path = PostCell.swift; sourceTree = "<group>"; };
		18904359238B564F0011F006 /* CommentCell.swift */ = {isa = PBXFileReference; lastKnownFileType = sourcecode.swift; path = CommentCell.swift; sourceTree = "<group>"; };
		18AE80D8237CA72900E3B20E /* Parsestagram.app */ = {isa = PBXFileReference; explicitFileType = wrapper.application; includeInIndex = 0; path = Parsestagram.app; sourceTree = BUILT_PRODUCTS_DIR; };
		18AE80DB237CA72900E3B20E /* AppDelegate.swift */ = {isa = PBXFileReference; lastKnownFileType = sourcecode.swift; path = AppDelegate.swift; sourceTree = "<group>"; };
		18AE80DD237CA72900E3B20E /* SceneDelegate.swift */ = {isa = PBXFileReference; lastKnownFileType = sourcecode.swift; path = SceneDelegate.swift; sourceTree = "<group>"; };
		18AE80E2237CA72900E3B20E /* Base */ = {isa = PBXFileReference; lastKnownFileType = file.storyboard; name = Base; path = Base.lproj/Main.storyboard; sourceTree = "<group>"; };
		18AE80E4237CA73100E3B20E /* Assets.xcassets */ = {isa = PBXFileReference; lastKnownFileType = folder.assetcatalog; path = Assets.xcassets; sourceTree = "<group>"; };
		18AE80E7237CA73100E3B20E /* Base */ = {isa = PBXFileReference; lastKnownFileType = file.storyboard; name = Base; path = Base.lproj/LaunchScreen.storyboard; sourceTree = "<group>"; };
		18AE80E9237CA73100E3B20E /* Info.plist */ = {isa = PBXFileReference; lastKnownFileType = text.plist.xml; path = Info.plist; sourceTree = "<group>"; };
		18AE80EE237CA73100E3B20E /* ParsestagramTests.xctest */ = {isa = PBXFileReference; explicitFileType = wrapper.cfbundle; includeInIndex = 0; path = ParsestagramTests.xctest; sourceTree = BUILT_PRODUCTS_DIR; };
		18AE80F2237CA73100E3B20E /* ParsestagramTests.swift */ = {isa = PBXFileReference; lastKnownFileType = sourcecode.swift; path = ParsestagramTests.swift; sourceTree = "<group>"; };
		18AE80F4237CA73100E3B20E /* Info.plist */ = {isa = PBXFileReference; lastKnownFileType = text.plist.xml; path = Info.plist; sourceTree = "<group>"; };
		18AE80F9237CA73100E3B20E /* ParsestagramUITests.xctest */ = {isa = PBXFileReference; explicitFileType = wrapper.cfbundle; includeInIndex = 0; path = ParsestagramUITests.xctest; sourceTree = BUILT_PRODUCTS_DIR; };
		18AE80FD237CA73100E3B20E /* ParsestagramUITests.swift */ = {isa = PBXFileReference; lastKnownFileType = sourcecode.swift; path = ParsestagramUITests.swift; sourceTree = "<group>"; };
		18AE80FF237CA73100E3B20E /* Info.plist */ = {isa = PBXFileReference; lastKnownFileType = text.plist.xml; path = Info.plist; sourceTree = "<group>"; };
		18AE810B237D048A00E3B20E /* LoginViewController.swift */ = {isa = PBXFileReference; lastKnownFileType = sourcecode.swift; path = LoginViewController.swift; sourceTree = "<group>"; };
		18AE810D237D049400E3B20E /* FeedViewController.swift */ = {isa = PBXFileReference; lastKnownFileType = sourcecode.swift; path = FeedViewController.swift; sourceTree = "<group>"; };
		25D96D1A62559FA60C9C539C /* Pods-ParsestagramTests.release.xcconfig */ = {isa = PBXFileReference; includeInIndex = 1; lastKnownFileType = text.xcconfig; name = "Pods-ParsestagramTests.release.xcconfig"; path = "Target Support Files/Pods-ParsestagramTests/Pods-ParsestagramTests.release.xcconfig"; sourceTree = "<group>"; };
		4F0129AFC86C9653F5539A26 /* Pods-Parsestagram-ParsestagramUITests.release.xcconfig */ = {isa = PBXFileReference; includeInIndex = 1; lastKnownFileType = text.xcconfig; name = "Pods-Parsestagram-ParsestagramUITests.release.xcconfig"; path = "Target Support Files/Pods-Parsestagram-ParsestagramUITests/Pods-Parsestagram-ParsestagramUITests.release.xcconfig"; sourceTree = "<group>"; };
		5145A521961321E2D7B9F46D /* Pods_Parsestagram_ParsestagramUITests.framework */ = {isa = PBXFileReference; explicitFileType = wrapper.framework; includeInIndex = 0; path = Pods_Parsestagram_ParsestagramUITests.framework; sourceTree = BUILT_PRODUCTS_DIR; };
		60832DB9E58464BC3239C98C /* Pods-Parsestagram.debug.xcconfig */ = {isa = PBXFileReference; includeInIndex = 1; lastKnownFileType = text.xcconfig; name = "Pods-Parsestagram.debug.xcconfig"; path = "Target Support Files/Pods-Parsestagram/Pods-Parsestagram.debug.xcconfig"; sourceTree = "<group>"; };
		709CE6D13AED814F0086D8CC /* Pods-ParsestagramTests.debug.xcconfig */ = {isa = PBXFileReference; includeInIndex = 1; lastKnownFileType = text.xcconfig; name = "Pods-ParsestagramTests.debug.xcconfig"; path = "Target Support Files/Pods-ParsestagramTests/Pods-ParsestagramTests.debug.xcconfig"; sourceTree = "<group>"; };
		74084DD03D4F617A90A60881 /* Pods_ParsestagramTests.framework */ = {isa = PBXFileReference; explicitFileType = wrapper.framework; includeInIndex = 0; path = Pods_ParsestagramTests.framework; sourceTree = BUILT_PRODUCTS_DIR; };
		7FC9B3B69164B46E3082F9D0 /* Pods-Parsestagram-ParsestagramUITests.debug.xcconfig */ = {isa = PBXFileReference; includeInIndex = 1; lastKnownFileType = text.xcconfig; name = "Pods-Parsestagram-ParsestagramUITests.debug.xcconfig"; path = "Target Support Files/Pods-Parsestagram-ParsestagramUITests/Pods-Parsestagram-ParsestagramUITests.debug.xcconfig"; sourceTree = "<group>"; };
		CDE74D39767E4F809233AE6B /* Pods-Parsestagram.release.xcconfig */ = {isa = PBXFileReference; includeInIndex = 1; lastKnownFileType = text.xcconfig; name = "Pods-Parsestagram.release.xcconfig"; path = "Target Support Files/Pods-Parsestagram/Pods-Parsestagram.release.xcconfig"; sourceTree = "<group>"; };
		D20050D4A32B59A999247AD0 /* Pods_Parsestagram.framework */ = {isa = PBXFileReference; explicitFileType = wrapper.framework; includeInIndex = 0; path = Pods_Parsestagram.framework; sourceTree = BUILT_PRODUCTS_DIR; };
/* End PBXFileReference section */

/* Begin PBXFrameworksBuildPhase section */
		18AE80D5237CA72900E3B20E /* Frameworks */ = {
			isa = PBXFrameworksBuildPhase;
			buildActionMask = 2147483647;
			files = (
				BB6D1B3F6BD430D630D33663 /* Pods_Parsestagram.framework in Frameworks */,
			);
			runOnlyForDeploymentPostprocessing = 0;
		};
		18AE80EB237CA73100E3B20E /* Frameworks */ = {
			isa = PBXFrameworksBuildPhase;
			buildActionMask = 2147483647;
			files = (
				9184A9062DA1BE712B023CD3 /* Pods_ParsestagramTests.framework in Frameworks */,
			);
			runOnlyForDeploymentPostprocessing = 0;
		};
		18AE80F6237CA73100E3B20E /* Frameworks */ = {
			isa = PBXFrameworksBuildPhase;
			buildActionMask = 2147483647;
			files = (
				41DA7EB72172FAA0A2EFAF4A /* Pods_Parsestagram_ParsestagramUITests.framework in Frameworks */,
			);
			runOnlyForDeploymentPostprocessing = 0;
		};
/* End PBXFrameworksBuildPhase section */

/* Begin PBXGroup section */
		08FBABADE3EC38F71FD8A463 /* Frameworks */ = {
			isa = PBXGroup;
			children = (
				D20050D4A32B59A999247AD0 /* Pods_Parsestagram.framework */,
				5145A521961321E2D7B9F46D /* Pods_Parsestagram_ParsestagramUITests.framework */,
				74084DD03D4F617A90A60881 /* Pods_ParsestagramTests.framework */,
			);
			name = Frameworks;
			sourceTree = "<group>";
		};
		18AE80CF237CA72900E3B20E = {
			isa = PBXGroup;
			children = (
				18AE80DA237CA72900E3B20E /* Parsestagram */,
				18AE80F1237CA73100E3B20E /* ParsestagramTests */,
				18AE80FC237CA73100E3B20E /* ParsestagramUITests */,
				18AE80D9237CA72900E3B20E /* Products */,
				369D98DCE8B6380326338B6C /* Pods */,
				08FBABADE3EC38F71FD8A463 /* Frameworks */,
			);
			sourceTree = "<group>";
		};
		18AE80D9237CA72900E3B20E /* Products */ = {
			isa = PBXGroup;
			children = (
				18AE80D8237CA72900E3B20E /* Parsestagram.app */,
				18AE80EE237CA73100E3B20E /* ParsestagramTests.xctest */,
				18AE80F9237CA73100E3B20E /* ParsestagramUITests.xctest */,
			);
			name = Products;
			sourceTree = "<group>";
		};
		18AE80DA237CA72900E3B20E /* Parsestagram */ = {
			isa = PBXGroup;
			children = (
				18AE80DB237CA72900E3B20E /* AppDelegate.swift */,
				18AE80DD237CA72900E3B20E /* SceneDelegate.swift */,
				18AE80E1237CA72900E3B20E /* Main.storyboard */,
				18AE80E4237CA73100E3B20E /* Assets.xcassets */,
				18AE80E6237CA73100E3B20E /* LaunchScreen.storyboard */,
				18AE80E9237CA73100E3B20E /* Info.plist */,
				18AE810B237D048A00E3B20E /* LoginViewController.swift */,
				18AE810D237D049400E3B20E /* FeedViewController.swift */,
				18904355238A21DD0011F006 /* CameraViewController.swift */,
				18904357238A2AF50011F006 /* PostCell.swift */,
				18904359238B564F0011F006 /* CommentCell.swift */,
			);
			path = Parsestagram;
			sourceTree = "<group>";
		};
		18AE80F1237CA73100E3B20E /* ParsestagramTests */ = {
			isa = PBXGroup;
			children = (
				18AE80F2237CA73100E3B20E /* ParsestagramTests.swift */,
				18AE80F4237CA73100E3B20E /* Info.plist */,
			);
			path = ParsestagramTests;
			sourceTree = "<group>";
		};
		18AE80FC237CA73100E3B20E /* ParsestagramUITests */ = {
			isa = PBXGroup;
			children = (
				18AE80FD237CA73100E3B20E /* ParsestagramUITests.swift */,
				18AE80FF237CA73100E3B20E /* Info.plist */,
			);
			path = ParsestagramUITests;
			sourceTree = "<group>";
		};
		369D98DCE8B6380326338B6C /* Pods */ = {
			isa = PBXGroup;
			children = (
				60832DB9E58464BC3239C98C /* Pods-Parsestagram.debug.xcconfig */,
				CDE74D39767E4F809233AE6B /* Pods-Parsestagram.release.xcconfig */,
				7FC9B3B69164B46E3082F9D0 /* Pods-Parsestagram-ParsestagramUITests.debug.xcconfig */,
				4F0129AFC86C9653F5539A26 /* Pods-Parsestagram-ParsestagramUITests.release.xcconfig */,
				709CE6D13AED814F0086D8CC /* Pods-ParsestagramTests.debug.xcconfig */,
				25D96D1A62559FA60C9C539C /* Pods-ParsestagramTests.release.xcconfig */,
			);
			path = Pods;
			sourceTree = "<group>";
		};
/* End PBXGroup section */

/* Begin PBXNativeTarget section */
		18AE80D7237CA72900E3B20E /* Parsestagram */ = {
			isa = PBXNativeTarget;
			buildConfigurationList = 18AE8102237CA73100E3B20E /* Build configuration list for PBXNativeTarget "Parsestagram" */;
			buildPhases = (
				1422BB8CC327035D8FD70AD7 /* [CP] Check Pods Manifest.lock */,
				18AE80D4237CA72900E3B20E /* Sources */,
				18AE80D5237CA72900E3B20E /* Frameworks */,
				18AE80D6237CA72900E3B20E /* Resources */,
				F49C700CB5A2AD4DD3C99C34 /* [CP] Embed Pods Frameworks */,
			);
			buildRules = (
			);
			dependencies = (
			);
			name = Parsestagram;
			productName = Parsestagram;
			productReference = 18AE80D8237CA72900E3B20E /* Parsestagram.app */;
			productType = "com.apple.product-type.application";
		};
		18AE80ED237CA73100E3B20E /* ParsestagramTests */ = {
			isa = PBXNativeTarget;
			buildConfigurationList = 18AE8105237CA73100E3B20E /* Build configuration list for PBXNativeTarget "ParsestagramTests" */;
			buildPhases = (
				D658FB03A24ED63D188E0CE3 /* [CP] Check Pods Manifest.lock */,
				18AE80EA237CA73100E3B20E /* Sources */,
				18AE80EB237CA73100E3B20E /* Frameworks */,
				18AE80EC237CA73100E3B20E /* Resources */,
			);
			buildRules = (
			);
			dependencies = (
				18AE80F0237CA73100E3B20E /* PBXTargetDependency */,
			);
			name = ParsestagramTests;
			productName = ParsestagramTests;
			productReference = 18AE80EE237CA73100E3B20E /* ParsestagramTests.xctest */;
			productType = "com.apple.product-type.bundle.unit-test";
		};
		18AE80F8237CA73100E3B20E /* ParsestagramUITests */ = {
			isa = PBXNativeTarget;
			buildConfigurationList = 18AE8108237CA73100E3B20E /* Build configuration list for PBXNativeTarget "ParsestagramUITests" */;
			buildPhases = (
				F4B8660EACC8B857F96976FF /* [CP] Check Pods Manifest.lock */,
				18AE80F5237CA73100E3B20E /* Sources */,
				18AE80F6237CA73100E3B20E /* Frameworks */,
				18AE80F7237CA73100E3B20E /* Resources */,
				F0666AA3784FE2B0C002583B /* [CP] Embed Pods Frameworks */,
			);
			buildRules = (
			);
			dependencies = (
				18AE80FB237CA73100E3B20E /* PBXTargetDependency */,
			);
			name = ParsestagramUITests;
			productName = ParsestagramUITests;
			productReference = 18AE80F9237CA73100E3B20E /* ParsestagramUITests.xctest */;
			productType = "com.apple.product-type.bundle.ui-testing";
		};
/* End PBXNativeTarget section */

/* Begin PBXProject section */
		18AE80D0237CA72900E3B20E /* Project object */ = {
			isa = PBXProject;
			attributes = {
				LastSwiftUpdateCheck = 1110;
				LastUpgradeCheck = 1110;
				ORGANIZATIONNAME = TanyaAzari;
				TargetAttributes = {
					18AE80D7237CA72900E3B20E = {
						CreatedOnToolsVersion = 11.1;
					};
					18AE80ED237CA73100E3B20E = {
						CreatedOnToolsVersion = 11.1;
						TestTargetID = 18AE80D7237CA72900E3B20E;
					};
					18AE80F8237CA73100E3B20E = {
						CreatedOnToolsVersion = 11.1;
						TestTargetID = 18AE80D7237CA72900E3B20E;
					};
				};
			};
			buildConfigurationList = 18AE80D3237CA72900E3B20E /* Build configuration list for PBXProject "Parsestagram" */;
			compatibilityVersion = "Xcode 9.3";
			developmentRegion = en;
			hasScannedForEncodings = 0;
			knownRegions = (
				en,
				Base,
			);
			mainGroup = 18AE80CF237CA72900E3B20E;
			productRefGroup = 18AE80D9237CA72900E3B20E /* Products */;
			projectDirPath = "";
			projectRoot = "";
			targets = (
				18AE80D7237CA72900E3B20E /* Parsestagram */,
				18AE80ED237CA73100E3B20E /* ParsestagramTests */,
				18AE80F8237CA73100E3B20E /* ParsestagramUITests */,
			);
		};
/* End PBXProject section */

/* Begin PBXResourcesBuildPhase section */
		18AE80D6237CA72900E3B20E /* Resources */ = {
			isa = PBXResourcesBuildPhase;
			buildActionMask = 2147483647;
			files = (
				18AE80E8237CA73100E3B20E /* LaunchScreen.storyboard in Resources */,
				18AE80E5237CA73100E3B20E /* Assets.xcassets in Resources */,
				18AE80E3237CA72A00E3B20E /* Main.storyboard in Resources */,
			);
			runOnlyForDeploymentPostprocessing = 0;
		};
		18AE80EC237CA73100E3B20E /* Resources */ = {
			isa = PBXResourcesBuildPhase;
			buildActionMask = 2147483647;
			files = (
			);
			runOnlyForDeploymentPostprocessing = 0;
		};
		18AE80F7237CA73100E3B20E /* Resources */ = {
			isa = PBXResourcesBuildPhase;
			buildActionMask = 2147483647;
			files = (
			);
			runOnlyForDeploymentPostprocessing = 0;
		};
/* End PBXResourcesBuildPhase section */

/* Begin PBXShellScriptBuildPhase section */
		1422BB8CC327035D8FD70AD7 /* [CP] Check Pods Manifest.lock */ = {
			isa = PBXShellScriptBuildPhase;
			buildActionMask = 2147483647;
			files = (
			);
			inputFileListPaths = (
			);
			inputPaths = (
				"${PODS_PODFILE_DIR_PATH}/Podfile.lock",
				"${PODS_ROOT}/Manifest.lock",
			);
			name = "[CP] Check Pods Manifest.lock";
			outputFileListPaths = (
			);
			outputPaths = (
				"$(DERIVED_FILE_DIR)/Pods-Parsestagram-checkManifestLockResult.txt",
			);
			runOnlyForDeploymentPostprocessing = 0;
			shellPath = /bin/sh;
			shellScript = "diff \"${PODS_PODFILE_DIR_PATH}/Podfile.lock\" \"${PODS_ROOT}/Manifest.lock\" > /dev/null\nif [ $? != 0 ] ; then\n    # print error to STDERR\n    echo \"error: The sandbox is not in sync with the Podfile.lock. Run 'pod install' or update your CocoaPods installation.\" >&2\n    exit 1\nfi\n# This output is used by Xcode 'outputs' to avoid re-running this script phase.\necho \"SUCCESS\" > \"${SCRIPT_OUTPUT_FILE_0}\"\n";
			showEnvVarsInLog = 0;
		};
		D658FB03A24ED63D188E0CE3 /* [CP] Check Pods Manifest.lock */ = {
			isa = PBXShellScriptBuildPhase;
			buildActionMask = 2147483647;
			files = (
			);
			inputFileListPaths = (
			);
			inputPaths = (
				"${PODS_PODFILE_DIR_PATH}/Podfile.lock",
				"${PODS_ROOT}/Manifest.lock",
			);
			name = "[CP] Check Pods Manifest.lock";
			outputFileListPaths = (
			);
			outputPaths = (
				"$(DERIVED_FILE_DIR)/Pods-ParsestagramTests-checkManifestLockResult.txt",
			);
			runOnlyForDeploymentPostprocessing = 0;
			shellPath = /bin/sh;
			shellScript = "diff \"${PODS_PODFILE_DIR_PATH}/Podfile.lock\" \"${PODS_ROOT}/Manifest.lock\" > /dev/null\nif [ $? != 0 ] ; then\n    # print error to STDERR\n    echo \"error: The sandbox is not in sync with the Podfile.lock. Run 'pod install' or update your CocoaPods installation.\" >&2\n    exit 1\nfi\n# This output is used by Xcode 'outputs' to avoid re-running this script phase.\necho \"SUCCESS\" > \"${SCRIPT_OUTPUT_FILE_0}\"\n";
			showEnvVarsInLog = 0;
		};
		F0666AA3784FE2B0C002583B /* [CP] Embed Pods Frameworks */ = {
			isa = PBXShellScriptBuildPhase;
			buildActionMask = 2147483647;
			files = (
			);
			inputFileListPaths = (
				"${PODS_ROOT}/Target Support Files/Pods-Parsestagram-ParsestagramUITests/Pods-Parsestagram-ParsestagramUITests-frameworks-${CONFIGURATION}-input-files.xcfilelist",
			);
			name = "[CP] Embed Pods Frameworks";
			outputFileListPaths = (
				"${PODS_ROOT}/Target Support Files/Pods-Parsestagram-ParsestagramUITests/Pods-Parsestagram-ParsestagramUITests-frameworks-${CONFIGURATION}-output-files.xcfilelist",
			);
			runOnlyForDeploymentPostprocessing = 0;
			shellPath = /bin/sh;
			shellScript = "\"${PODS_ROOT}/Target Support Files/Pods-Parsestagram-ParsestagramUITests/Pods-Parsestagram-ParsestagramUITests-frameworks.sh\"\n";
			showEnvVarsInLog = 0;
		};
		F49C700CB5A2AD4DD3C99C34 /* [CP] Embed Pods Frameworks */ = {
			isa = PBXShellScriptBuildPhase;
			buildActionMask = 2147483647;
			files = (
			);
			inputFileListPaths = (
				"${PODS_ROOT}/Target Support Files/Pods-Parsestagram/Pods-Parsestagram-frameworks-${CONFIGURATION}-input-files.xcfilelist",
			);
			name = "[CP] Embed Pods Frameworks";
			outputFileListPaths = (
				"${PODS_ROOT}/Target Support Files/Pods-Parsestagram/Pods-Parsestagram-frameworks-${CONFIGURATION}-output-files.xcfilelist",
			);
			runOnlyForDeploymentPostprocessing = 0;
			shellPath = /bin/sh;
			shellScript = "\"${PODS_ROOT}/Target Support Files/Pods-Parsestagram/Pods-Parsestagram-frameworks.sh\"\n";
			showEnvVarsInLog = 0;
		};
		F4B8660EACC8B857F96976FF /* [CP] Check Pods Manifest.lock */ = {
			isa = PBXShellScriptBuildPhase;
			buildActionMask = 2147483647;
			files = (
			);
			inputFileListPaths = (
			);
			inputPaths = (
				"${PODS_PODFILE_DIR_PATH}/Podfile.lock",
				"${PODS_ROOT}/Manifest.lock",
			);
			name = "[CP] Check Pods Manifest.lock";
			outputFileListPaths = (
			);
			outputPaths = (
				"$(DERIVED_FILE_DIR)/Pods-Parsestagram-ParsestagramUITests-checkManifestLockResult.txt",
			);
			runOnlyForDeploymentPostprocessing = 0;
			shellPath = /bin/sh;
			shellScript = "diff \"${PODS_PODFILE_DIR_PATH}/Podfile.lock\" \"${PODS_ROOT}/Manifest.lock\" > /dev/null\nif [ $? != 0 ] ; then\n    # print error to STDERR\n    echo \"error: The sandbox is not in sync with the Podfile.lock. Run 'pod install' or update your CocoaPods installation.\" >&2\n    exit 1\nfi\n# This output is used by Xcode 'outputs' to avoid re-running this script phase.\necho \"SUCCESS\" > \"${SCRIPT_OUTPUT_FILE_0}\"\n";
			showEnvVarsInLog = 0;
		};
/* End PBXShellScriptBuildPhase section */

/* Begin PBXSourcesBuildPhase section */
		18AE80D4237CA72900E3B20E /* Sources */ = {
			isa = PBXSourcesBuildPhase;
			buildActionMask = 2147483647;
			files = (
				18AE810C237D048A00E3B20E /* LoginViewController.swift in Sources */,
				18904356238A21DD0011F006 /* CameraViewController.swift in Sources */,
				18AE80DC237CA72900E3B20E /* AppDelegate.swift in Sources */,
				18AE810E237D049400E3B20E /* FeedViewController.swift in Sources */,
				18AE80DE237CA72900E3B20E /* SceneDelegate.swift in Sources */,
				18904358238A2AF50011F006 /* PostCell.swift in Sources */,
				1890435A238B564F0011F006 /* CommentCell.swift in Sources */,
			);
			runOnlyForDeploymentPostprocessing = 0;
		};
		18AE80EA237CA73100E3B20E /* Sources */ = {
			isa = PBXSourcesBuildPhase;
			buildActionMask = 2147483647;
			files = (
				18AE80F3237CA73100E3B20E /* ParsestagramTests.swift in Sources */,
			);
			runOnlyForDeploymentPostprocessing = 0;
		};
		18AE80F5237CA73100E3B20E /* Sources */ = {
			isa = PBXSourcesBuildPhase;
			buildActionMask = 2147483647;
			files = (
				18AE80FE237CA73100E3B20E /* ParsestagramUITests.swift in Sources */,
			);
			runOnlyForDeploymentPostprocessing = 0;
		};
/* End PBXSourcesBuildPhase section */

/* Begin PBXTargetDependency section */
		18AE80F0237CA73100E3B20E /* PBXTargetDependency */ = {
			isa = PBXTargetDependency;
			target = 18AE80D7237CA72900E3B20E /* Parsestagram */;
			targetProxy = 18AE80EF237CA73100E3B20E /* PBXContainerItemProxy */;
		};
		18AE80FB237CA73100E3B20E /* PBXTargetDependency */ = {
			isa = PBXTargetDependency;
			target = 18AE80D7237CA72900E3B20E /* Parsestagram */;
			targetProxy = 18AE80FA237CA73100E3B20E /* PBXContainerItemProxy */;
		};
/* End PBXTargetDependency section */

/* Begin PBXVariantGroup section */
		18AE80E1237CA72900E3B20E /* Main.storyboard */ = {
			isa = PBXVariantGroup;
			children = (
				18AE80E2237CA72900E3B20E /* Base */,
			);
			name = Main.storyboard;
			sourceTree = "<group>";
		};
		18AE80E6237CA73100E3B20E /* LaunchScreen.storyboard */ = {
			isa = PBXVariantGroup;
			children = (
				18AE80E7237CA73100E3B20E /* Base */,
			);
			name = LaunchScreen.storyboard;
			sourceTree = "<group>";
		};
/* End PBXVariantGroup section */

/* Begin XCBuildConfiguration section */
		18AE8100237CA73100E3B20E /* Debug */ = {
			isa = XCBuildConfiguration;
			buildSettings = {
				ALWAYS_SEARCH_USER_PATHS = NO;
				CLANG_ANALYZER_NONNULL = YES;
				CLANG_ANALYZER_NUMBER_OBJECT_CONVERSION = YES_AGGRESSIVE;
				CLANG_CXX_LANGUAGE_STANDARD = "gnu++14";
				CLANG_CXX_LIBRARY = "libc++";
				CLANG_ENABLE_MODULES = YES;
				CLANG_ENABLE_OBJC_ARC = YES;
				CLANG_ENABLE_OBJC_WEAK = YES;
				CLANG_WARN_BLOCK_CAPTURE_AUTORELEASING = YES;
				CLANG_WARN_BOOL_CONVERSION = YES;
				CLANG_WARN_COMMA = YES;
				CLANG_WARN_CONSTANT_CONVERSION = YES;
				CLANG_WARN_DEPRECATED_OBJC_IMPLEMENTATIONS = YES;
				CLANG_WARN_DIRECT_OBJC_ISA_USAGE = YES_ERROR;
				CLANG_WARN_DOCUMENTATION_COMMENTS = YES;
				CLANG_WARN_EMPTY_BODY = YES;
				CLANG_WARN_ENUM_CONVERSION = YES;
				CLANG_WARN_INFINITE_RECURSION = YES;
				CLANG_WARN_INT_CONVERSION = YES;
				CLANG_WARN_NON_LITERAL_NULL_CONVERSION = YES;
				CLANG_WARN_OBJC_IMPLICIT_RETAIN_SELF = YES;
				CLANG_WARN_OBJC_LITERAL_CONVERSION = YES;
				CLANG_WARN_OBJC_ROOT_CLASS = YES_ERROR;
				CLANG_WARN_RANGE_LOOP_ANALYSIS = YES;
				CLANG_WARN_STRICT_PROTOTYPES = YES;
				CLANG_WARN_SUSPICIOUS_MOVE = YES;
				CLANG_WARN_UNGUARDED_AVAILABILITY = YES_AGGRESSIVE;
				CLANG_WARN_UNREACHABLE_CODE = YES;
				CLANG_WARN__DUPLICATE_METHOD_MATCH = YES;
				COPY_PHASE_STRIP = NO;
				DEBUG_INFORMATION_FORMAT = dwarf;
				ENABLE_STRICT_OBJC_MSGSEND = YES;
				ENABLE_TESTABILITY = YES;
				GCC_C_LANGUAGE_STANDARD = gnu11;
				GCC_DYNAMIC_NO_PIC = NO;
				GCC_NO_COMMON_BLOCKS = YES;
				GCC_OPTIMIZATION_LEVEL = 0;
				GCC_PREPROCESSOR_DEFINITIONS = (
					"DEBUG=1",
					"$(inherited)",
				);
				GCC_WARN_64_TO_32_BIT_CONVERSION = YES;
				GCC_WARN_ABOUT_RETURN_TYPE = YES_ERROR;
				GCC_WARN_UNDECLARED_SELECTOR = YES;
				GCC_WARN_UNINITIALIZED_AUTOS = YES_AGGRESSIVE;
				GCC_WARN_UNUSED_FUNCTION = YES;
				GCC_WARN_UNUSED_VARIABLE = YES;
				IPHONEOS_DEPLOYMENT_TARGET = 13.1;
				MTL_ENABLE_DEBUG_INFO = INCLUDE_SOURCE;
				MTL_FAST_MATH = YES;
				ONLY_ACTIVE_ARCH = YES;
				SDKROOT = iphoneos;
				SWIFT_ACTIVE_COMPILATION_CONDITIONS = DEBUG;
				SWIFT_OPTIMIZATION_LEVEL = "-Onone";
			};
			name = Debug;
		};
		18AE8101237CA73100E3B20E /* Release */ = {
			isa = XCBuildConfiguration;
			buildSettings = {
				ALWAYS_SEARCH_USER_PATHS = NO;
				CLANG_ANALYZER_NONNULL = YES;
				CLANG_ANALYZER_NUMBER_OBJECT_CONVERSION = YES_AGGRESSIVE;
				CLANG_CXX_LANGUAGE_STANDARD = "gnu++14";
				CLANG_CXX_LIBRARY = "libc++";
				CLANG_ENABLE_MODULES = YES;
				CLANG_ENABLE_OBJC_ARC = YES;
				CLANG_ENABLE_OBJC_WEAK = YES;
				CLANG_WARN_BLOCK_CAPTURE_AUTORELEASING = YES;
				CLANG_WARN_BOOL_CONVERSION = YES;
				CLANG_WARN_COMMA = YES;
				CLANG_WARN_CONSTANT_CONVERSION = YES;
				CLANG_WARN_DEPRECATED_OBJC_IMPLEMENTATIONS = YES;
				CLANG_WARN_DIRECT_OBJC_ISA_USAGE = YES_ERROR;
				CLANG_WARN_DOCUMENTATION_COMMENTS = YES;
				CLANG_WARN_EMPTY_BODY = YES;
				CLANG_WARN_ENUM_CONVERSION = YES;
				CLANG_WARN_INFINITE_RECURSION = YES;
				CLANG_WARN_INT_CONVERSION = YES;
				CLANG_WARN_NON_LITERAL_NULL_CONVERSION = YES;
				CLANG_WARN_OBJC_IMPLICIT_RETAIN_SELF = YES;
				CLANG_WARN_OBJC_LITERAL_CONVERSION = YES;
				CLANG_WARN_OBJC_ROOT_CLASS = YES_ERROR;
				CLANG_WARN_RANGE_LOOP_ANALYSIS = YES;
				CLANG_WARN_STRICT_PROTOTYPES = YES;
				CLANG_WARN_SUSPICIOUS_MOVE = YES;
				CLANG_WARN_UNGUARDED_AVAILABILITY = YES_AGGRESSIVE;
				CLANG_WARN_UNREACHABLE_CODE = YES;
				CLANG_WARN__DUPLICATE_METHOD_MATCH = YES;
				COPY_PHASE_STRIP = NO;
				DEBUG_INFORMATION_FORMAT = "dwarf-with-dsym";
				ENABLE_NS_ASSERTIONS = NO;
				ENABLE_STRICT_OBJC_MSGSEND = YES;
				GCC_C_LANGUAGE_STANDARD = gnu11;
				GCC_NO_COMMON_BLOCKS = YES;
				GCC_WARN_64_TO_32_BIT_CONVERSION = YES;
				GCC_WARN_ABOUT_RETURN_TYPE = YES_ERROR;
				GCC_WARN_UNDECLARED_SELECTOR = YES;
				GCC_WARN_UNINITIALIZED_AUTOS = YES_AGGRESSIVE;
				GCC_WARN_UNUSED_FUNCTION = YES;
				GCC_WARN_UNUSED_VARIABLE = YES;
				IPHONEOS_DEPLOYMENT_TARGET = 13.1;
				MTL_ENABLE_DEBUG_INFO = NO;
				MTL_FAST_MATH = YES;
				SDKROOT = iphoneos;
				SWIFT_COMPILATION_MODE = wholemodule;
				SWIFT_OPTIMIZATION_LEVEL = "-O";
				VALIDATE_PRODUCT = YES;
			};
			name = Release;
		};
		18AE8103237CA73100E3B20E /* Debug */ = {
			isa = XCBuildConfiguration;
			baseConfigurationReference = 60832DB9E58464BC3239C98C /* Pods-Parsestagram.debug.xcconfig */;
			buildSettings = {
				ASSETCATALOG_COMPILER_APPICON_NAME = AppIcon;
				CODE_SIGN_STYLE = Automatic;
				INFOPLIST_FILE = Parsestagram/Info.plist;
				LD_RUNPATH_SEARCH_PATHS = (
					"$(inherited)",
					"@executable_path/Frameworks",
				);
				PRODUCT_BUNDLE_IDENTIFIER = TanyaAzari.Parsestagram;
				PRODUCT_NAME = "$(TARGET_NAME)";
				SWIFT_VERSION = 5.0;
				TARGETED_DEVICE_FAMILY = "1,2";
			};
			name = Debug;
		};
		18AE8104237CA73100E3B20E /* Release */ = {
			isa = XCBuildConfiguration;
			baseConfigurationReference = CDE74D39767E4F809233AE6B /* Pods-Parsestagram.release.xcconfig */;
			buildSettings = {
				ASSETCATALOG_COMPILER_APPICON_NAME = AppIcon;
				CODE_SIGN_STYLE = Automatic;
				INFOPLIST_FILE = Parsestagram/Info.plist;
				LD_RUNPATH_SEARCH_PATHS = (
					"$(inherited)",
					"@executable_path/Frameworks",
				);
				PRODUCT_BUNDLE_IDENTIFIER = TanyaAzari.Parsestagram;
				PRODUCT_NAME = "$(TARGET_NAME)";
				SWIFT_VERSION = 5.0;
				TARGETED_DEVICE_FAMILY = "1,2";
			};
			name = Release;
		};
		18AE8106237CA73100E3B20E /* Debug */ = {
			isa = XCBuildConfiguration;
			baseConfigurationReference = 709CE6D13AED814F0086D8CC /* Pods-ParsestagramTests.debug.xcconfig */;
			buildSettings = {
				ALWAYS_EMBED_SWIFT_STANDARD_LIBRARIES = YES;
				BUNDLE_LOADER = "$(TEST_HOST)";
				CODE_SIGN_STYLE = Automatic;
				INFOPLIST_FILE = ParsestagramTests/Info.plist;
				IPHONEOS_DEPLOYMENT_TARGET = 13.1;
				LD_RUNPATH_SEARCH_PATHS = (
					"$(inherited)",
					"@executable_path/Frameworks",
					"@loader_path/Frameworks",
				);
				PRODUCT_BUNDLE_IDENTIFIER = TanyaAzari.ParsestagramTests;
				PRODUCT_NAME = "$(TARGET_NAME)";
				SWIFT_VERSION = 5.0;
				TARGETED_DEVICE_FAMILY = "1,2";
				TEST_HOST = "$(BUILT_PRODUCTS_DIR)/Parsestagram.app/Parsestagram";
			};
			name = Debug;
		};
		18AE8107237CA73100E3B20E /* Release */ = {
			isa = XCBuildConfiguration;
			baseConfigurationReference = 25D96D1A62559FA60C9C539C /* Pods-ParsestagramTests.release.xcconfig */;
			buildSettings = {
				ALWAYS_EMBED_SWIFT_STANDARD_LIBRARIES = YES;
				BUNDLE_LOADER = "$(TEST_HOST)";
				CODE_SIGN_STYLE = Automatic;
				INFOPLIST_FILE = ParsestagramTests/Info.plist;
				IPHONEOS_DEPLOYMENT_TARGET = 13.1;
				LD_RUNPATH_SEARCH_PATHS = (
					"$(inherited)",
					"@executable_path/Frameworks",
					"@loader_path/Frameworks",
				);
				PRODUCT_BUNDLE_IDENTIFIER = TanyaAzari.ParsestagramTests;
				PRODUCT_NAME = "$(TARGET_NAME)";
				SWIFT_VERSION = 5.0;
				TARGETED_DEVICE_FAMILY = "1,2";
				TEST_HOST = "$(BUILT_PRODUCTS_DIR)/Parsestagram.app/Parsestagram";
			};
			name = Release;
		};
		18AE8109237CA73100E3B20E /* Debug */ = {
			isa = XCBuildConfiguration;
			baseConfigurationReference = 7FC9B3B69164B46E3082F9D0 /* Pods-Parsestagram-ParsestagramUITests.debug.xcconfig */;
			buildSettings = {
				ALWAYS_EMBED_SWIFT_STANDARD_LIBRARIES = YES;
				CODE_SIGN_STYLE = Automatic;
				INFOPLIST_FILE = ParsestagramUITests/Info.plist;
				LD_RUNPATH_SEARCH_PATHS = (
					"$(inherited)",
					"@executable_path/Frameworks",
					"@loader_path/Frameworks",
				);
				PRODUCT_BUNDLE_IDENTIFIER = TanyaAzari.ParsestagramUITests;
				PRODUCT_NAME = "$(TARGET_NAME)";
				SWIFT_VERSION = 5.0;
				TARGETED_DEVICE_FAMILY = "1,2";
				TEST_TARGET_NAME = Parsestagram;
			};
			name = Debug;
		};
		18AE810A237CA73100E3B20E /* Release */ = {
			isa = XCBuildConfiguration;
			baseConfigurationReference = 4F0129AFC86C9653F5539A26 /* Pods-Parsestagram-ParsestagramUITests.release.xcconfig */;
			buildSettings = {
				ALWAYS_EMBED_SWIFT_STANDARD_LIBRARIES = YES;
				CODE_SIGN_STYLE = Automatic;
				INFOPLIST_FILE = ParsestagramUITests/Info.plist;
				LD_RUNPATH_SEARCH_PATHS = (
					"$(inherited)",
					"@executable_path/Frameworks",
					"@loader_path/Frameworks",
				);
				PRODUCT_BUNDLE_IDENTIFIER = TanyaAzari.ParsestagramUITests;
				PRODUCT_NAME = "$(TARGET_NAME)";
				SWIFT_VERSION = 5.0;
				TARGETED_DEVICE_FAMILY = "1,2";
				TEST_TARGET_NAME = Parsestagram;
			};
			name = Release;
		};
/* End XCBuildConfiguration section */

/* Begin XCConfigurationList section */
		18AE80D3237CA72900E3B20E /* Build configuration list for PBXProject "Parsestagram" */ = {
			isa = XCConfigurationList;
			buildConfigurations = (
				18AE8100237CA73100E3B20E /* Debug */,
				18AE8101237CA73100E3B20E /* Release */,
			);
			defaultConfigurationIsVisible = 0;
			defaultConfigurationName = Release;
		};
		18AE8102237CA73100E3B20E /* Build configuration list for PBXNativeTarget "Parsestagram" */ = {
			isa = XCConfigurationList;
			buildConfigurations = (
				18AE8103237CA73100E3B20E /* Debug */,
				18AE8104237CA73100E3B20E /* Release */,
			);
			defaultConfigurationIsVisible = 0;
			defaultConfigurationName = Release;
		};
		18AE8105237CA73100E3B20E /* Build configuration list for PBXNativeTarget "ParsestagramTests" */ = {
			isa = XCConfigurationList;
			buildConfigurations = (
				18AE8106237CA73100E3B20E /* Debug */,
				18AE8107237CA73100E3B20E /* Release */,
			);
			defaultConfigurationIsVisible = 0;
			defaultConfigurationName = Release;
		};
		18AE8108237CA73100E3B20E /* Build configuration list for PBXNativeTarget "ParsestagramUITests" */ = {
			isa = XCConfigurationList;
			buildConfigurations = (
				18AE8109237CA73100E3B20E /* Debug */,
				18AE810A237CA73100E3B20E /* Release */,
			);
			defaultConfigurationIsVisible = 0;
			defaultConfigurationName = Release;
		};
/* End XCConfigurationList section */
	};
	rootObject = 18AE80D0237CA72900E3B20E /* Project object */;
}
